// !$*UTF8*$!
{
	archiveVersion = 1;
	classes = {
	};
	objectVersion = 46;
	objects = {

/* Begin PBXBuildFile section */
		091B8E8D1E95383F0083ECD1 /* AppDelegate.swift in Sources */ = {isa = PBXBuildFile; fileRef = 091B8E8C1E95383F0083ECD1 /* AppDelegate.swift */; };
		091B8E8F1E95383F0083ECD1 /* ViewController.swift in Sources */ = {isa = PBXBuildFile; fileRef = 091B8E8E1E95383F0083ECD1 /* ViewController.swift */; };
		091B8E921E95383F0083ECD1 /* Main.storyboard in Resources */ = {isa = PBXBuildFile; fileRef = 091B8E901E95383F0083ECD1 /* Main.storyboard */; };
		091B8E941E95383F0083ECD1 /* Assets.xcassets in Resources */ = {isa = PBXBuildFile; fileRef = 091B8E931E95383F0083ECD1 /* Assets.xcassets */; };
		091B8E971E95383F0083ECD1 /* LaunchScreen.storyboard in Resources */ = {isa = PBXBuildFile; fileRef = 091B8E951E95383F0083ECD1 /* LaunchScreen.storyboard */; };
		091B8E9F1E95403D0083ECD1 /* ProductTableCell.swift in Sources */ = {isa = PBXBuildFile; fileRef = 091B8E9E1E95403D0083ECD1 /* ProductTableCell.swift */; };
		091B8EB41E9688DD0083ECD1 /* Utils.swift in Sources */ = {isa = PBXBuildFile; fileRef = 091B8EB31E9688DD0083ECD1 /* Utils.swift */; };
		091B8EB61E97FB4E0083ECD1 /* Product.swift in Sources */ = {isa = PBXBuildFile; fileRef = 091B8EB51E97FB4E0083ECD1 /* Product.swift */; };
		09B4AFB01EA2F5E100B9DA74 /* NetworkConnection.swift in Sources */ = {isa = PBXBuildFile; fileRef = 09B4AFAF1EA2F5E100B9DA74 /* NetworkConnection.swift */; };
		09B4AFB21EA2F68A00B9DA74 /* NetworkPool.swift in Sources */ = {isa = PBXBuildFile; fileRef = 09B4AFB11EA2F68A00B9DA74 /* NetworkPool.swift */; };
		09B4AFB41EA2FAAB00B9DA74 /* ProductDataStore.swift in Sources */ = {isa = PBXBuildFile; fileRef = 09B4AFB31EA2FAAB00B9DA74 /* ProductDataStore.swift */; };
		09B927DA1E9A25B500E2CA0E /* Logger.swift in Sources */ = {isa = PBXBuildFile; fileRef = 09B927D91E9A25B500E2CA0E /* Logger.swift */; };
/* End PBXBuildFile section */

/* Begin PBXFileReference section */
		091B8E891E95383F0083ECD1 /* SportsStores.app */ = {isa = PBXFileReference; explicitFileType = wrapper.application; includeInIndex = 0; path = SportsStores.app; sourceTree = BUILT_PRODUCTS_DIR; };
		091B8E8C1E95383F0083ECD1 /* AppDelegate.swift */ = {isa = PBXFileReference; lastKnownFileType = sourcecode.swift; path = AppDelegate.swift; sourceTree = "<group>"; };
		091B8E8E1E95383F0083ECD1 /* ViewController.swift */ = {isa = PBXFileReference; lastKnownFileType = sourcecode.swift; path = ViewController.swift; sourceTree = "<group>"; };
		091B8E911E95383F0083ECD1 /* Base */ = {isa = PBXFileReference; lastKnownFileType = file.storyboard; name = Base; path = Base.lproj/Main.storyboard; sourceTree = "<group>"; };
		091B8E931E95383F0083ECD1 /* Assets.xcassets */ = {isa = PBXFileReference; lastKnownFileType = folder.assetcatalog; path = Assets.xcassets; sourceTree = "<group>"; };
		091B8E961E95383F0083ECD1 /* Base */ = {isa = PBXFileReference; lastKnownFileType = file.storyboard; name = Base; path = Base.lproj/LaunchScreen.storyboard; sourceTree = "<group>"; };
		091B8E981E95383F0083ECD1 /* Info.plist */ = {isa = PBXFileReference; lastKnownFileType = text.plist.xml; path = Info.plist; sourceTree = "<group>"; };
		091B8E9E1E95403D0083ECD1 /* ProductTableCell.swift */ = {isa = PBXFileReference; fileEncoding = 4; lastKnownFileType = sourcecode.swift; path = ProductTableCell.swift; sourceTree = "<group>"; };
		091B8EB31E9688DD0083ECD1 /* Utils.swift */ = {isa = PBXFileReference; fileEncoding = 4; lastKnownFileType = sourcecode.swift; path = Utils.swift; sourceTree = "<group>"; };
		091B8EB51E97FB4E0083ECD1 /* Product.swift */ = {isa = PBXFileReference; fileEncoding = 4; lastKnownFileType = sourcecode.swift; path = Product.swift; sourceTree = "<group>"; };
		09B4AFAF1EA2F5E100B9DA74 /* NetworkConnection.swift */ = {isa = PBXFileReference; fileEncoding = 4; lastKnownFileType = sourcecode.swift; path = NetworkConnection.swift; sourceTree = "<group>"; };
		09B4AFB11EA2F68A00B9DA74 /* NetworkPool.swift */ = {isa = PBXFileReference; fileEncoding = 4; lastKnownFileType = sourcecode.swift; path = NetworkPool.swift; sourceTree = "<group>"; };
		09B4AFB31EA2FAAB00B9DA74 /* ProductDataStore.swift */ = {isa = PBXFileReference; fileEncoding = 4; lastKnownFileType = sourcecode.swift; path = ProductDataStore.swift; sourceTree = "<group>"; };
		09B927D91E9A25B500E2CA0E /* Logger.swift */ = {isa = PBXFileReference; fileEncoding = 4; lastKnownFileType = sourcecode.swift; path = Logger.swift; sourceTree = "<group>"; };
/* End PBXFileReference section */

/* Begin PBXFrameworksBuildPhase section */
		091B8E861E95383F0083ECD1 /* Frameworks */ = {
			isa = PBXFrameworksBuildPhase;
			buildActionMask = 2147483647;
			files = (
			);
			runOnlyForDeploymentPostprocessing = 0;
		};
/* End PBXFrameworksBuildPhase section */

/* Begin PBXGroup section */
		091B8E801E95383F0083ECD1 = {
			isa = PBXGroup;
			children = (
				091B8E8B1E95383F0083ECD1 /* SportsStores */,
				091B8E8A1E95383F0083ECD1 /* Products */,
			);
			sourceTree = "<group>";
		};
		091B8E8A1E95383F0083ECD1 /* Products */ = {
			isa = PBXGroup;
			children = (
				091B8E891E95383F0083ECD1 /* SportsStores.app */,
			);
			name = Products;
			sourceTree = "<group>";
		};
		091B8E8B1E95383F0083ECD1 /* SportsStores */ = {
			isa = PBXGroup;
			children = (
				091B8E8C1E95383F0083ECD1 /* AppDelegate.swift */,
				091B8EB31E9688DD0083ECD1 /* Utils.swift */,
				091B8E8E1E95383F0083ECD1 /* ViewController.swift */,
				091B8E9E1E95403D0083ECD1 /* ProductTableCell.swift */,
				091B8E901E95383F0083ECD1 /* Main.storyboard */,
				091B8E931E95383F0083ECD1 /* Assets.xcassets */,
				091B8E951E95383F0083ECD1 /* LaunchScreen.storyboard */,
				091B8E981E95383F0083ECD1 /* Info.plist */,
				091B8EB51E97FB4E0083ECD1 /* Product.swift */,
				09B927D91E9A25B500E2CA0E /* Logger.swift */,
				09B4AFAE1EA2F5C600B9DA74 /* ObjectPool */,
			);
			path = SportsStores;
			sourceTree = "<group>";
		};
		09B4AFAE1EA2F5C600B9DA74 /* ObjectPool */ = {
			isa = PBXGroup;
			children = (
				09B4AFAF1EA2F5E100B9DA74 /* NetworkConnection.swift */,
				09B4AFB11EA2F68A00B9DA74 /* NetworkPool.swift */,
				09B4AFB31EA2FAAB00B9DA74 /* ProductDataStore.swift */,
			);
			name = ObjectPool;
			sourceTree = "<group>";
		};
/* End PBXGroup section */

/* Begin PBXNativeTarget section */
		091B8E881E95383F0083ECD1 /* SportsStores */ = {
			isa = PBXNativeTarget;
			buildConfigurationList = 091B8E9B1E95383F0083ECD1 /* Build configuration list for PBXNativeTarget "SportsStores" */;
			buildPhases = (
				091B8E851E95383F0083ECD1 /* Sources */,
				091B8E861E95383F0083ECD1 /* Frameworks */,
				091B8E871E95383F0083ECD1 /* Resources */,
			);
			buildRules = (
			);
			dependencies = (
			);
			name = SportsStores;
			productName = SportsStores;
			productReference = 091B8E891E95383F0083ECD1 /* SportsStores.app */;
			productType = "com.apple.product-type.application";
		};
/* End PBXNativeTarget section */

/* Begin PBXProject section */
		091B8E811E95383F0083ECD1 /* Project object */ = {
			isa = PBXProject;
			attributes = {
				LastSwiftUpdateCheck = 0820;
				LastUpgradeCheck = 0820;
				ORGANIZATIONNAME = libo;
				TargetAttributes = {
					091B8E881E95383F0083ECD1 = {
						CreatedOnToolsVersion = 8.2.1;
						DevelopmentTeam = 22Z9PC4Q2J;
						ProvisioningStyle = Automatic;
					};
				};
			};
			buildConfigurationList = 091B8E841E95383F0083ECD1 /* Build configuration list for PBXProject "SportsStores" */;
			compatibilityVersion = "Xcode 3.2";
			developmentRegion = English;
			hasScannedForEncodings = 0;
			knownRegions = (
				en,
				Base,
			);
			mainGroup = 091B8E801E95383F0083ECD1;
			productRefGroup = 091B8E8A1E95383F0083ECD1 /* Products */;
			projectDirPath = "";
			projectRoot = "";
			targets = (
				091B8E881E95383F0083ECD1 /* SportsStores */,
			);
		};
/* End PBXProject section */

/* Begin PBXResourcesBuildPhase section */
		091B8E871E95383F0083ECD1 /* Resources */ = {
			isa = PBXResourcesBuildPhase;
			buildActionMask = 2147483647;
			files = (
				091B8E971E95383F0083ECD1 /* LaunchScreen.storyboard in Resources */,
				091B8E941E95383F0083ECD1 /* Assets.xcassets in Resources */,
				091B8E921E95383F0083ECD1 /* Main.storyboard in Resources */,
			);
			runOnlyForDeploymentPostprocessing = 0;
		};
/* End PBXResourcesBuildPhase section */

/* Begin PBXSourcesBuildPhase section */
		091B8E851E95383F0083ECD1 /* Sources */ = {
			isa = PBXSourcesBuildPhase;
			buildActionMask = 2147483647;
			files = (
				09B4AFB21EA2F68A00B9DA74 /* NetworkPool.swift in Sources */,
				09B4AFB41EA2FAAB00B9DA74 /* ProductDataStore.swift in Sources */,
				091B8E9F1E95403D0083ECD1 /* ProductTableCell.swift in Sources */,
				09B927DA1E9A25B500E2CA0E /* Logger.swift in Sources */,
				091B8E8F1E95383F0083ECD1 /* ViewController.swift in Sources */,
				091B8EB61E97FB4E0083ECD1 /* Product.swift in Sources */,
				09B4AFB01EA2F5E100B9DA74 /* NetworkConnection.swift in Sources */,
				091B8E8D1E95383F0083ECD1 /* AppDelegate.swift in Sources */,
				091B8EB41E9688DD0083ECD1 /* Utils.swift in Sources */,
			);
			runOnlyForDeploymentPostprocessing = 0;
		};
/* End PBXSourcesBuildPhase section */

/* Begin PBXVariantGroup section */
		091B8E901E95383F0083ECD1 /* Main.storyboard */ = {
			isa = PBXVariantGroup;
			children = (
				091B8E911E95383F0083ECD1 /* Base */,
			);
			name = Main.storyboard;
			sourceTree = "<group>";
		};
		091B8E951E95383F0083ECD1 /* LaunchScreen.storyboard */ = {
			isa = PBXVariantGroup;
			children = (
				091B8E961E95383F0083ECD1 /* Base */,
			);
			name = LaunchScreen.storyboard;
			sourceTree = "<group>";
		};
/* End PBXVariantGroup section */

/* Begin XCBuildConfiguration section */
		091B8E991E95383F0083ECD1 /* Debug */ = {
			isa = XCBuildConfiguration;
			buildSettings = {
				ALWAYS_SEARCH_USER_PATHS = NO;
				CLANG_ANALYZER_NONNULL = YES;
				CLANG_CXX_LANGUAGE_STANDARD = "gnu++0x";
				CLANG_CXX_LIBRARY = "libc++";
				CLANG_ENABLE_MODULES = YES;
				CLANG_ENABLE_OBJC_ARC = YES;
				CLANG_WARN_BOOL_CONVERSION = YES;
				CLANG_WARN_CONSTANT_CONVERSION = YES;
				CLANG_WARN_DIRECT_OBJC_ISA_USAGE = YES_ERROR;
				CLANG_WARN_DOCUMENTATION_COMMENTS = YES;
				CLANG_WARN_EMPTY_BODY = YES;
				CLANG_WARN_ENUM_CONVERSION = YES;
				CLANG_WARN_INFINITE_RECURSION = YES;
				CLANG_WARN_INT_CONVERSION = YES;
				CLANG_WARN_OBJC_ROOT_CLASS = YES_ERROR;
				CLANG_WARN_SUSPICIOUS_MOVE = YES;
				CLANG_WARN_UNREACHABLE_CODE = YES;
				CLANG_WARN__DUPLICATE_METHOD_MATCH = YES;
				"CODE_SIGN_IDENTITY[sdk=iphoneos*]" = "iPhone Developer";
				COPY_PHASE_STRIP = NO;
				DEBUG_INFORMATION_FORMAT = dwarf;
				ENABLE_STRICT_OBJC_MSGSEND = YES;
				ENABLE_TESTABILITY = YES;
				GCC_C_LANGUAGE_STANDARD = gnu99;
				GCC_DYNAMIC_NO_PIC = NO;
				GCC_NO_COMMON_BLOCKS = YES;
				GCC_OPTIMIZATION_LEVEL = 0;
				GCC_PREPROCESSOR_DEFINITIONS = (
					"DEBUG=1",
					"$(inherited)",
				);
				GCC_WARN_64_TO_32_BIT_CONVERSION = YES;
				GCC_WARN_ABOUT_RETURN_TYPE = YES_ERROR;
				GCC_WARN_UNDECLARED_SELECTOR = YES;
				GCC_WARN_UNINITIALIZED_AUTOS = YES_AGGRESSIVE;
				GCC_WARN_UNUSED_FUNCTION = YES;
				GCC_WARN_UNUSED_VARIABLE = YES;
				IPHONEOS_DEPLOYMENT_TARGET = 10.2;
				MTL_ENABLE_DEBUG_INFO = YES;
				ONLY_ACTIVE_ARCH = YES;
				SDKROOT = iphoneos;
				SWIFT_ACTIVE_COMPILATION_CONDITIONS = DEBUG;
				SWIFT_OPTIMIZATION_LEVEL = "-Onone";
				TARGETED_DEVICE_FAMILY = "1,2";
			};
			name = Debug;
		};
		091B8E9A1E95383F0083ECD1 /* Release */ = {
			isa = XCBuildConfiguration;
			buildSettings = {
				ALWAYS_SEARCH_USER_PATHS = NO;
				CLANG_ANALYZER_NONNULL = YES;
				CLANG_CXX_LANGUAGE_STANDARD = "gnu++0x";
				CLANG_CXX_LIBRARY = "libc++";
				CLANG_ENABLE_MODULES = YES;
				CLANG_ENABLE_OBJC_ARC = YES;
				CLANG_WARN_BOOL_CONVERSION = YES;
				CLANG_WARN_CONSTANT_CONVERSION = YES;
				CLANG_WARN_DIRECT_OBJC_ISA_USAGE = YES_ERROR;
				CLANG_WARN_DOCUMENTATION_COMMENTS = YES;
				CLANG_WARN_EMPTY_BODY = YES;
				CLANG_WARN_ENUM_CONVERSION = YES;
				CLANG_WARN_INFINITE_RECURSION = YES;
				CLANG_WARN_INT_CONVERSION = YES;
				CLANG_WARN_OBJC_ROOT_CLASS = YES_ERROR;
				CLANG_WARN_SUSPICIOUS_MOVE = YES;
				CLANG_WARN_UNREACHABLE_CODE = YES;
				CLANG_WARN__DUPLICATE_METHOD_MATCH = YES;
				"CODE_SIGN_IDENTITY[sdk=iphoneos*]" = "iPhone Developer";
				COPY_PHASE_STRIP = NO;
				DEBUG_INFORMATION_FORMAT = "dwarf-with-dsym";
				ENABLE_NS_ASSERTIONS = NO;
				ENABLE_STRICT_OBJC_MSGSEND = YES;
				GCC_C_LANGUAGE_STANDARD = gnu99;
				GCC_NO_COMMON_BLOCKS = YES;
				GCC_WARN_64_TO_32_BIT_CONVERSION = YES;
				GCC_WARN_ABOUT_RETURN_TYPE = YES_ERROR;
				GCC_WARN_UNDECLARED_SELECTOR = YES;
				GCC_WARN_UNINITIALIZED_AUTOS = YES_AGGRESSIVE;
				GCC_WARN_UNUSED_FUNCTION = YES;
				GCC_WARN_UNUSED_VARIABLE = YES;
				IPHONEOS_DEPLOYMENT_TARGET = 10.2;
				MTL_ENABLE_DEBUG_INFO = NO;
				SDKROOT = iphoneos;
				SWIFT_OPTIMIZATION_LEVEL = "-Owholemodule";
				TARGETED_DEVICE_FAMILY = "1,2";
				VALIDATE_PRODUCT = YES;
			};
			name = Release;
		};
		091B8E9C1E95383F0083ECD1 /* Debug */ = {
			isa = XCBuildConfiguration;
			buildSettings = {
				ASSETCATALOG_COMPILER_APPICON_NAME = AppIcon;
				DEVELOPMENT_TEAM = 22Z9PC4Q2J;
				INFOPLIST_FILE = SportsStores/Info.plist;
				LD_RUNPATH_SEARCH_PATHS = "$(inherited) @executable_path/Frameworks";
				PRODUCT_BUNDLE_IDENTIFIER = "-210.SportsStores";
				PRODUCT_NAME = "$(TARGET_NAME)";
				SWIFT_VERSION = 3.0;
			};
			name = Debug;
		};
		091B8E9D1E95383F0083ECD1 /* Release */ = {
			isa = XCBuildConfiguration;
			buildSettings = {
				ASSETCATALOG_COMPILER_APPICON_NAME = AppIcon;
				DEVELOPMENT_TEAM = 22Z9PC4Q2J;
				INFOPLIST_FILE = SportsStores/Info.plist;
				LD_RUNPATH_SEARCH_PATHS = "$(inherited) @executable_path/Frameworks";
				PRODUCT_BUNDLE_IDENTIFIER = "-210.SportsStores";
				PRODUCT_NAME = "$(TARGET_NAME)";
				SWIFT_VERSION = 3.0;
			};
			name = Release;
		};
/* End XCBuildConfiguration section */

/* Begin XCConfigurationList section */
		091B8E841E95383F0083ECD1 /* Build configuration list for PBXProject "SportsStores" */ = {
			isa = XCConfigurationList;
			buildConfigurations = (
				091B8E991E95383F0083ECD1 /* Debug */,
				091B8E9A1E95383F0083ECD1 /* Release */,
			);
			defaultConfigurationIsVisible = 0;
			defaultConfigurationName = Release;
		};
		091B8E9B1E95383F0083ECD1 /* Build configuration list for PBXNativeTarget "SportsStores" */ = {
			isa = XCConfigurationList;
			buildConfigurations = (
				091B8E9C1E95383F0083ECD1 /* Debug */,
				091B8E9D1E95383F0083ECD1 /* Release */,
			);
			defaultConfigurationIsVisible = 0;
			defaultConfigurationName = Release;
		};
/* End XCConfigurationList section */
	};
	rootObject = 091B8E811E95383F0083ECD1 /* Project object */;
}
